// !$*UTF8*$!
{
	archiveVersion = 1;
	classes = {
	};
	objectVersion = 56;
	objects = {

/* Begin PBXBuildFile section */
		C81E0BAF2AFEAF13001A75EB /* ViewModel.swift in Sources */ = {isa = PBXBuildFile; fileRef = C81E0BAE2AFEAF13001A75EB /* ViewModel.swift */; };
		C81E0BB12AFEAF4F001A75EB /* PitchView.swift in Sources */ = {isa = PBXBuildFile; fileRef = C81E0BB02AFEAF4F001A75EB /* PitchView.swift */; };
		C81E0BB32AFEDCA0001A75EB /* ControlView.swift in Sources */ = {isa = PBXBuildFile; fileRef = C81E0BB22AFEDCA0001A75EB /* ControlView.swift */; };
		C81E0BB72AFEE2D2001A75EB /* Module.swift in Sources */ = {isa = PBXBuildFile; fileRef = C81E0BB62AFEE2D2001A75EB /* Module.swift */; };
		C86BA1B32B00087F00DB63C1 /* FloatingPoint+Extensions.swift in Sources */ = {isa = PBXBuildFile; fileRef = C86BA1B22B00087F00DB63C1 /* FloatingPoint+Extensions.swift */; };
		C86D7C742B028B6800289096 /* Team.swift in Sources */ = {isa = PBXBuildFile; fileRef = C86D7C732B028B6800289096 /* Team.swift */; };
		C86D7C772B028DAE00289096 /* PanelView.swift in Sources */ = {isa = PBXBuildFile; fileRef = C86D7C762B028DAE00289096 /* PanelView.swift */; };
		C86D7C7A2B02921500289096 /* CustomFonts.swift in Sources */ = {isa = PBXBuildFile; fileRef = C86D7C792B02921500289096 /* CustomFonts.swift */; };
		C86D7C7C2B02969600289096 /* ButtonStyle.swift in Sources */ = {isa = PBXBuildFile; fileRef = C86D7C7B2B02969600289096 /* ButtonStyle.swift */; };
		C882E42F2AFD8DCA00A563C3 /* RealityKitContent in Frameworks */ = {isa = PBXBuildFile; productRef = C882E42E2AFD8DCA00A563C3 /* RealityKitContent */; };
		C882E4312AFD8DCA00A563C3 /* immersivioApp.swift in Sources */ = {isa = PBXBuildFile; fileRef = C882E4302AFD8DCA00A563C3 /* immersivioApp.swift */; };
		C882E4352AFD8DCA00A563C3 /* StadiumView.swift in Sources */ = {isa = PBXBuildFile; fileRef = C882E4342AFD8DCA00A563C3 /* StadiumView.swift */; };
		C882E4372AFD8DCB00A563C3 /* Assets.xcassets in Resources */ = {isa = PBXBuildFile; fileRef = C882E4362AFD8DCB00A563C3 /* Assets.xcassets */; };
		C882E43A2AFD8DCB00A563C3 /* Preview Assets.xcassets in Resources */ = {isa = PBXBuildFile; fileRef = C882E4392AFD8DCB00A563C3 /* Preview Assets.xcassets */; };
		C8B8651B2B03AF44007AB8E1 /* VideoView.swift in Sources */ = {isa = PBXBuildFile; fileRef = C8B8651A2B03AF44007AB8E1 /* VideoView.swift */; };
		C8B865202B03D4E5007AB8E1 /* AppConstants.swift in Sources */ = {isa = PBXBuildFile; fileRef = C8B8651F2B03D4E5007AB8E1 /* AppConstants.swift */; };
		C8F8E53A2B056386007FA25A /* ScorerView.swift in Sources */ = {isa = PBXBuildFile; fileRef = C8F8E5392B056386007FA25A /* ScorerView.swift */; };
		C8F8E53C2B05B1C8007FA25A /* Panel.swift in Sources */ = {isa = PBXBuildFile; fileRef = C8F8E53B2B05B1C8007FA25A /* Panel.swift */; };
/* End PBXBuildFile section */

/* Begin PBXFileReference section */
		C81E0BAE2AFEAF13001A75EB /* ViewModel.swift */ = {isa = PBXFileReference; lastKnownFileType = sourcecode.swift; path = ViewModel.swift; sourceTree = "<group>"; };
		C81E0BB02AFEAF4F001A75EB /* PitchView.swift */ = {isa = PBXFileReference; lastKnownFileType = sourcecode.swift; path = PitchView.swift; sourceTree = "<group>"; };
		C81E0BB22AFEDCA0001A75EB /* ControlView.swift */ = {isa = PBXFileReference; lastKnownFileType = sourcecode.swift; path = ControlView.swift; sourceTree = "<group>"; };
		C81E0BB62AFEE2D2001A75EB /* Module.swift */ = {isa = PBXFileReference; lastKnownFileType = sourcecode.swift; path = Module.swift; sourceTree = "<group>"; };
		C86BA1B22B00087F00DB63C1 /* FloatingPoint+Extensions.swift */ = {isa = PBXFileReference; lastKnownFileType = sourcecode.swift; path = "FloatingPoint+Extensions.swift"; sourceTree = "<group>"; };
		C86D7C732B028B6800289096 /* Team.swift */ = {isa = PBXFileReference; lastKnownFileType = sourcecode.swift; path = Team.swift; sourceTree = "<group>"; };
		C86D7C762B028DAE00289096 /* PanelView.swift */ = {isa = PBXFileReference; lastKnownFileType = sourcecode.swift; path = PanelView.swift; sourceTree = "<group>"; };
		C86D7C792B02921500289096 /* CustomFonts.swift */ = {isa = PBXFileReference; lastKnownFileType = sourcecode.swift; path = CustomFonts.swift; sourceTree = "<group>"; };
		C86D7C7B2B02969600289096 /* ButtonStyle.swift */ = {isa = PBXFileReference; lastKnownFileType = sourcecode.swift; path = ButtonStyle.swift; sourceTree = "<group>"; };
		C882E4292AFD8DCA00A563C3 /* immersivio.app */ = {isa = PBXFileReference; explicitFileType = wrapper.application; includeInIndex = 0; path = immersivio.app; sourceTree = BUILT_PRODUCTS_DIR; };
		C882E42D2AFD8DCA00A563C3 /* RealityKitContent */ = {isa = PBXFileReference; lastKnownFileType = wrapper; path = RealityKitContent; sourceTree = "<group>"; };
		C882E4302AFD8DCA00A563C3 /* immersivioApp.swift */ = {isa = PBXFileReference; lastKnownFileType = sourcecode.swift; path = immersivioApp.swift; sourceTree = "<group>"; };
		C882E4342AFD8DCA00A563C3 /* StadiumView.swift */ = {isa = PBXFileReference; lastKnownFileType = sourcecode.swift; path = StadiumView.swift; sourceTree = "<group>"; };
		C882E4362AFD8DCB00A563C3 /* Assets.xcassets */ = {isa = PBXFileReference; lastKnownFileType = folder.assetcatalog; path = Assets.xcassets; sourceTree = "<group>"; };
		C882E4392AFD8DCB00A563C3 /* Preview Assets.xcassets */ = {isa = PBXFileReference; lastKnownFileType = folder.assetcatalog; path = "Preview Assets.xcassets"; sourceTree = "<group>"; };
		C882E43B2AFD8DCB00A563C3 /* Info.plist */ = {isa = PBXFileReference; lastKnownFileType = text.plist.xml; path = Info.plist; sourceTree = "<group>"; };
		C8B8651A2B03AF44007AB8E1 /* VideoView.swift */ = {isa = PBXFileReference; lastKnownFileType = sourcecode.swift; path = VideoView.swift; sourceTree = "<group>"; };
		C8B8651F2B03D4E5007AB8E1 /* AppConstants.swift */ = {isa = PBXFileReference; lastKnownFileType = sourcecode.swift; path = AppConstants.swift; sourceTree = "<group>"; };
		C8F8E5392B056386007FA25A /* ScorerView.swift */ = {isa = PBXFileReference; lastKnownFileType = sourcecode.swift; path = ScorerView.swift; sourceTree = "<group>"; };
		C8F8E53B2B05B1C8007FA25A /* Panel.swift */ = {isa = PBXFileReference; lastKnownFileType = sourcecode.swift; path = Panel.swift; sourceTree = "<group>"; };
/* End PBXFileReference section */

/* Begin PBXFrameworksBuildPhase section */
		C882E4262AFD8DCA00A563C3 /* Frameworks */ = {
			isa = PBXFrameworksBuildPhase;
			buildActionMask = 2147483647;
			files = (
				C882E42F2AFD8DCA00A563C3 /* RealityKitContent in Frameworks */,
			);
			runOnlyForDeploymentPostprocessing = 0;
		};
/* End PBXFrameworksBuildPhase section */

/* Begin PBXGroup section */
		C81E0BB52AFEE2C2001A75EB /* Models */ = {
			isa = PBXGroup;
			children = (
				C81E0BAE2AFEAF13001A75EB /* ViewModel.swift */,
				C81E0BB62AFEE2D2001A75EB /* Module.swift */,
				C8F8E53B2B05B1C8007FA25A /* Panel.swift */,
				C86D7C732B028B6800289096 /* Team.swift */,
			);
			path = Models;
			sourceTree = "<group>";
		};
		C86BA1AD2AFFECEB00DB63C1 /* Views */ = {
			isa = PBXGroup;
			children = (
				C81E0BB22AFEDCA0001A75EB /* ControlView.swift */,
				C86D7C752B028D7C00289096 /* Pitch */,
				C8B8651A2B03AF44007AB8E1 /* VideoView.swift */,
				C882E4342AFD8DCA00A563C3 /* StadiumView.swift */,
			);
			path = Views;
			sourceTree = "<group>";
		};
		C86BA1AE2AFFED1E00DB63C1 /* Resources */ = {
			isa = PBXGroup;
			children = (
				C882E4362AFD8DCB00A563C3 /* Assets.xcassets */,
			);
			path = Resources;
			sourceTree = "<group>";
		};
		C86BA1B12B00086E00DB63C1 /* Extensions */ = {
			isa = PBXGroup;
			children = (
				C86BA1B22B00087F00DB63C1 /* FloatingPoint+Extensions.swift */,
			);
			path = Extensions;
			sourceTree = "<group>";
		};
		C86D7C752B028D7C00289096 /* Pitch */ = {
			isa = PBXGroup;
			children = (
				C81E0BB02AFEAF4F001A75EB /* PitchView.swift */,
				C86D7C762B028DAE00289096 /* PanelView.swift */,
				C8F8E5392B056386007FA25A /* ScorerView.swift */,
			);
			path = Pitch;
			sourceTree = "<group>";
		};
		C86D7C782B0291F800289096 /* UI */ = {
			isa = PBXGroup;
			children = (
				C86D7C7B2B02969600289096 /* ButtonStyle.swift */,
				C86D7C792B02921500289096 /* CustomFonts.swift */,
			);
			path = UI;
			sourceTree = "<group>";
		};
		C882E4202AFD8DCA00A563C3 = {
			isa = PBXGroup;
			children = (
				C882E42B2AFD8DCA00A563C3 /* immersivio */,
				C882E42C2AFD8DCA00A563C3 /* Packages */,
				C882E42A2AFD8DCA00A563C3 /* Products */,
			);
			sourceTree = "<group>";
		};
		C882E42A2AFD8DCA00A563C3 /* Products */ = {
			isa = PBXGroup;
			children = (
				C882E4292AFD8DCA00A563C3 /* immersivio.app */,
			);
			name = Products;
			sourceTree = "<group>";
		};
		C882E42B2AFD8DCA00A563C3 /* immersivio */ = {
			isa = PBXGroup;
			children = (
				C882E4302AFD8DCA00A563C3 /* immersivioApp.swift */,
				C86BA1AD2AFFECEB00DB63C1 /* Views */,
				C81E0BB52AFEE2C2001A75EB /* Models */,
				C86D7C782B0291F800289096 /* UI */,
				C86BA1B12B00086E00DB63C1 /* Extensions */,
				C8B8651E2B03D4DA007AB8E1 /* Utils */,
				C86BA1AE2AFFED1E00DB63C1 /* Resources */,
				C882E43B2AFD8DCB00A563C3 /* Info.plist */,
				C882E4382AFD8DCB00A563C3 /* Preview Content */,
			);
			path = immersivio;
			sourceTree = "<group>";
		};
		C882E42C2AFD8DCA00A563C3 /* Packages */ = {
			isa = PBXGroup;
			children = (
				C882E42D2AFD8DCA00A563C3 /* RealityKitContent */,
			);
			path = Packages;
			sourceTree = "<group>";
		};
		C882E4382AFD8DCB00A563C3 /* Preview Content */ = {
			isa = PBXGroup;
			children = (
				C882E4392AFD8DCB00A563C3 /* Preview Assets.xcassets */,
			);
			path = "Preview Content";
			sourceTree = "<group>";
		};
		C8B8651E2B03D4DA007AB8E1 /* Utils */ = {
			isa = PBXGroup;
			children = (
				C8B8651F2B03D4E5007AB8E1 /* AppConstants.swift */,
			);
			path = Utils;
			sourceTree = "<group>";
		};
/* End PBXGroup section */

/* Begin PBXNativeTarget section */
		C882E4282AFD8DCA00A563C3 /* immersivio */ = {
			isa = PBXNativeTarget;
			buildConfigurationList = C882E43E2AFD8DCB00A563C3 /* Build configuration list for PBXNativeTarget "immersivio" */;
			buildPhases = (
				C882E4252AFD8DCA00A563C3 /* Sources */,
				C882E4262AFD8DCA00A563C3 /* Frameworks */,
				C882E4272AFD8DCA00A563C3 /* Resources */,
			);
			buildRules = (
			);
			dependencies = (
			);
			name = immersivio;
			packageProductDependencies = (
				C882E42E2AFD8DCA00A563C3 /* RealityKitContent */,
			);
			productName = immersivio;
			productReference = C882E4292AFD8DCA00A563C3 /* immersivio.app */;
			productType = "com.apple.product-type.application";
		};
/* End PBXNativeTarget section */

/* Begin PBXProject section */
		C882E4212AFD8DCA00A563C3 /* Project object */ = {
			isa = PBXProject;
			attributes = {
				BuildIndependentTargetsInParallel = 1;
				LastSwiftUpdateCheck = 1510;
				LastUpgradeCheck = 1510;
				TargetAttributes = {
					C882E4282AFD8DCA00A563C3 = {
						CreatedOnToolsVersion = 15.1;
					};
				};
			};
			buildConfigurationList = C882E4242AFD8DCA00A563C3 /* Build configuration list for PBXProject "immersivio" */;
			compatibilityVersion = "Xcode 14.0";
			developmentRegion = en;
			hasScannedForEncodings = 0;
			knownRegions = (
				en,
				Base,
			);
			mainGroup = C882E4202AFD8DCA00A563C3;
			productRefGroup = C882E42A2AFD8DCA00A563C3 /* Products */;
			projectDirPath = "";
			projectRoot = "";
			targets = (
				C882E4282AFD8DCA00A563C3 /* immersivio */,
			);
		};
/* End PBXProject section */

/* Begin PBXResourcesBuildPhase section */
		C882E4272AFD8DCA00A563C3 /* Resources */ = {
			isa = PBXResourcesBuildPhase;
			buildActionMask = 2147483647;
			files = (
				C882E43A2AFD8DCB00A563C3 /* Preview Assets.xcassets in Resources */,
				C882E4372AFD8DCB00A563C3 /* Assets.xcassets in Resources */,
			);
			runOnlyForDeploymentPostprocessing = 0;
		};
/* End PBXResourcesBuildPhase section */

/* Begin PBXSourcesBuildPhase section */
		C882E4252AFD8DCA00A563C3 /* Sources */ = {
			isa = PBXSourcesBuildPhase;
			buildActionMask = 2147483647;
			files = (
				C86D7C742B028B6800289096 /* Team.swift in Sources */,
				C882E4312AFD8DCA00A563C3 /* immersivioApp.swift in Sources */,
				C8F8E53A2B056386007FA25A /* ScorerView.swift in Sources */,
				C8F8E53C2B05B1C8007FA25A /* Panel.swift in Sources */,
				C86BA1B32B00087F00DB63C1 /* FloatingPoint+Extensions.swift in Sources */,
				C81E0BAF2AFEAF13001A75EB /* ViewModel.swift in Sources */,
				C882E4352AFD8DCA00A563C3 /* StadiumView.swift in Sources */,
				C81E0BB72AFEE2D2001A75EB /* Module.swift in Sources */,
				C81E0BB32AFEDCA0001A75EB /* ControlView.swift in Sources */,
				C86D7C7A2B02921500289096 /* CustomFonts.swift in Sources */,
				C86D7C7C2B02969600289096 /* ButtonStyle.swift in Sources */,
				C81E0BB12AFEAF4F001A75EB /* PitchView.swift in Sources */,
				C86D7C772B028DAE00289096 /* PanelView.swift in Sources */,
				C8B865202B03D4E5007AB8E1 /* AppConstants.swift in Sources */,
				C8B8651B2B03AF44007AB8E1 /* VideoView.swift in Sources */,
			);
			runOnlyForDeploymentPostprocessing = 0;
		};
/* End PBXSourcesBuildPhase section */

/* Begin XCBuildConfiguration section */
		C882E43C2AFD8DCB00A563C3 /* Debug */ = {
			isa = XCBuildConfiguration;
			buildSettings = {
				ALWAYS_SEARCH_USER_PATHS = NO;
				ASSETCATALOG_COMPILER_GENERATE_SWIFT_ASSET_SYMBOL_EXTENSIONS = YES;
				CLANG_ANALYZER_NONNULL = YES;
				CLANG_ANALYZER_NUMBER_OBJECT_CONVERSION = YES_AGGRESSIVE;
				CLANG_CXX_LANGUAGE_STANDARD = "gnu++20";
				CLANG_ENABLE_MODULES = YES;
				CLANG_ENABLE_OBJC_ARC = YES;
				CLANG_ENABLE_OBJC_WEAK = YES;
				CLANG_WARN_BLOCK_CAPTURE_AUTORELEASING = YES;
				CLANG_WARN_BOOL_CONVERSION = YES;
				CLANG_WARN_COMMA = YES;
				CLANG_WARN_CONSTANT_CONVERSION = YES;
				CLANG_WARN_DEPRECATED_OBJC_IMPLEMENTATIONS = YES;
				CLANG_WARN_DIRECT_OBJC_ISA_USAGE = YES_ERROR;
				CLANG_WARN_DOCUMENTATION_COMMENTS = YES;
				CLANG_WARN_EMPTY_BODY = YES;
				CLANG_WARN_ENUM_CONVERSION = YES;
				CLANG_WARN_INFINITE_RECURSION = YES;
				CLANG_WARN_INT_CONVERSION = YES;
				CLANG_WARN_NON_LITERAL_NULL_CONVERSION = YES;
				CLANG_WARN_OBJC_IMPLICIT_RETAIN_SELF = YES;
				CLANG_WARN_OBJC_LITERAL_CONVERSION = YES;
				CLANG_WARN_OBJC_ROOT_CLASS = YES_ERROR;
				CLANG_WARN_QUOTED_INCLUDE_IN_FRAMEWORK_HEADER = YES;
				CLANG_WARN_RANGE_LOOP_ANALYSIS = YES;
				CLANG_WARN_STRICT_PROTOTYPES = YES;
				CLANG_WARN_SUSPICIOUS_MOVE = YES;
				CLANG_WARN_UNGUARDED_AVAILABILITY = YES_AGGRESSIVE;
				CLANG_WARN_UNREACHABLE_CODE = YES;
				CLANG_WARN__DUPLICATE_METHOD_MATCH = YES;
				COPY_PHASE_STRIP = NO;
				DEBUG_INFORMATION_FORMAT = dwarf;
				ENABLE_STRICT_OBJC_MSGSEND = YES;
				ENABLE_TESTABILITY = YES;
				ENABLE_USER_SCRIPT_SANDBOXING = YES;
				GCC_C_LANGUAGE_STANDARD = gnu17;
				GCC_DYNAMIC_NO_PIC = NO;
				GCC_NO_COMMON_BLOCKS = YES;
				GCC_OPTIMIZATION_LEVEL = 0;
				GCC_PREPROCESSOR_DEFINITIONS = (
					"DEBUG=1",
					"$(inherited)",
				);
				GCC_WARN_64_TO_32_BIT_CONVERSION = YES;
				GCC_WARN_ABOUT_RETURN_TYPE = YES_ERROR;
				GCC_WARN_UNDECLARED_SELECTOR = YES;
				GCC_WARN_UNINITIALIZED_AUTOS = YES_AGGRESSIVE;
				GCC_WARN_UNUSED_FUNCTION = YES;
				GCC_WARN_UNUSED_VARIABLE = YES;
				LOCALIZATION_PREFERS_STRING_CATALOGS = YES;
				MTL_ENABLE_DEBUG_INFO = INCLUDE_SOURCE;
				MTL_FAST_MATH = YES;
				ONLY_ACTIVE_ARCH = YES;
				SDKROOT = xros;
				SWIFT_ACTIVE_COMPILATION_CONDITIONS = "DEBUG $(inherited)";
				SWIFT_OPTIMIZATION_LEVEL = "-Onone";
				XROS_DEPLOYMENT_TARGET = 1.0;
			};
			name = Debug;
		};
		C882E43D2AFD8DCB00A563C3 /* Release */ = {
			isa = XCBuildConfiguration;
			buildSettings = {
				ALWAYS_SEARCH_USER_PATHS = NO;
				ASSETCATALOG_COMPILER_GENERATE_SWIFT_ASSET_SYMBOL_EXTENSIONS = YES;
				CLANG_ANALYZER_NONNULL = YES;
				CLANG_ANALYZER_NUMBER_OBJECT_CONVERSION = YES_AGGRESSIVE;
				CLANG_CXX_LANGUAGE_STANDARD = "gnu++20";
				CLANG_ENABLE_MODULES = YES;
				CLANG_ENABLE_OBJC_ARC = YES;
				CLANG_ENABLE_OBJC_WEAK = YES;
				CLANG_WARN_BLOCK_CAPTURE_AUTORELEASING = YES;
				CLANG_WARN_BOOL_CONVERSION = YES;
				CLANG_WARN_COMMA = YES;
				CLANG_WARN_CONSTANT_CONVERSION = YES;
				CLANG_WARN_DEPRECATED_OBJC_IMPLEMENTATIONS = YES;
				CLANG_WARN_DIRECT_OBJC_ISA_USAGE = YES_ERROR;
				CLANG_WARN_DOCUMENTATION_COMMENTS = YES;
				CLANG_WARN_EMPTY_BODY = YES;
				CLANG_WARN_ENUM_CONVERSION = YES;
				CLANG_WARN_INFINITE_RECURSION = YES;
				CLANG_WARN_INT_CONVERSION = YES;
				CLANG_WARN_NON_LITERAL_NULL_CONVERSION = YES;
				CLANG_WARN_OBJC_IMPLICIT_RETAIN_SELF = YES;
				CLANG_WARN_OBJC_LITERAL_CONVERSION = YES;
				CLANG_WARN_OBJC_ROOT_CLASS = YES_ERROR;
				CLANG_WARN_QUOTED_INCLUDE_IN_FRAMEWORK_HEADER = YES;
				CLANG_WARN_RANGE_LOOP_ANALYSIS = YES;
				CLANG_WARN_STRICT_PROTOTYPES = YES;
				CLANG_WARN_SUSPICIOUS_MOVE = YES;
				CLANG_WARN_UNGUARDED_AVAILABILITY = YES_AGGRESSIVE;
				CLANG_WARN_UNREACHABLE_CODE = YES;
				CLANG_WARN__DUPLICATE_METHOD_MATCH = YES;
				COPY_PHASE_STRIP = NO;
				DEBUG_INFORMATION_FORMAT = "dwarf-with-dsym";
				ENABLE_NS_ASSERTIONS = NO;
				ENABLE_STRICT_OBJC_MSGSEND = YES;
				ENABLE_USER_SCRIPT_SANDBOXING = YES;
				GCC_C_LANGUAGE_STANDARD = gnu17;
				GCC_NO_COMMON_BLOCKS = YES;
				GCC_WARN_64_TO_32_BIT_CONVERSION = YES;
				GCC_WARN_ABOUT_RETURN_TYPE = YES_ERROR;
				GCC_WARN_UNDECLARED_SELECTOR = YES;
				GCC_WARN_UNINITIALIZED_AUTOS = YES_AGGRESSIVE;
				GCC_WARN_UNUSED_FUNCTION = YES;
				GCC_WARN_UNUSED_VARIABLE = YES;
				LOCALIZATION_PREFERS_STRING_CATALOGS = YES;
				MTL_ENABLE_DEBUG_INFO = NO;
				MTL_FAST_MATH = YES;
				SDKROOT = xros;
				SWIFT_COMPILATION_MODE = wholemodule;
				VALIDATE_PRODUCT = YES;
				XROS_DEPLOYMENT_TARGET = 1.0;
			};
			name = Release;
		};
		C882E43F2AFD8DCB00A563C3 /* Debug */ = {
			isa = XCBuildConfiguration;
			buildSettings = {
				ASSETCATALOG_COMPILER_APPICON_NAME = AppIcon;
				ASSETCATALOG_COMPILER_GLOBAL_ACCENT_COLOR_NAME = AccentColor;
				CODE_SIGN_STYLE = Automatic;
				CURRENT_PROJECT_VERSION = 1;
				DEVELOPMENT_ASSET_PATHS = "\"immersivio/Preview Content\"";
				DEVELOPMENT_TEAM = V54XUHS56L;
				ENABLE_PREVIEWS = YES;
				GENERATE_INFOPLIST_FILE = YES;
				INFOPLIST_FILE = "$(TARGET_NAME)/Info.plist";
				LD_RUNPATH_SEARCH_PATHS = (
					"$(inherited)",
					"@executable_path/Frameworks",
				);
				MARKETING_VERSION = 1.0;
				PRODUCT_BUNDLE_IDENTIFIER = com.raphaelhuangdubois.immersivio;
				PRODUCT_NAME = "$(TARGET_NAME)";
				SUPPORTED_PLATFORMS = "xros xrsimulator";
				SWIFT_EMIT_LOC_STRINGS = YES;
				SWIFT_VERSION = 5.0;
				TARGETED_DEVICE_FAMILY = "1,2,7";
			};
			name = Debug;
		};
		C882E4402AFD8DCB00A563C3 /* Release */ = {
			isa = XCBuildConfiguration;
			buildSettings = {
				ASSETCATALOG_COMPILER_APPICON_NAME = AppIcon;
				ASSETCATALOG_COMPILER_GLOBAL_ACCENT_COLOR_NAME = AccentColor;
				CODE_SIGN_STYLE = Automatic;
				CURRENT_PROJECT_VERSION = 1;
				DEVELOPMENT_ASSET_PATHS = "\"immersivio/Preview Content\"";
				DEVELOPMENT_TEAM = V54XUHS56L;
				ENABLE_PREVIEWS = YES;
				GENERATE_INFOPLIST_FILE = YES;
				INFOPLIST_FILE = "$(TARGET_NAME)/Info.plist";
				LD_RUNPATH_SEARCH_PATHS = (
					"$(inherited)",
					"@executable_path/Frameworks",
				);
				MARKETING_VERSION = 1.0;
				PRODUCT_BUNDLE_IDENTIFIER = com.raphaelhuangdubois.immersivio;
				PRODUCT_NAME = "$(TARGET_NAME)";
				SUPPORTED_PLATFORMS = "xros xrsimulator";
				SWIFT_EMIT_LOC_STRINGS = YES;
				SWIFT_VERSION = 5.0;
				TARGETED_DEVICE_FAMILY = "1,2,7";
			};
			name = Release;
		};
/* End XCBuildConfiguration section */

/* Begin XCConfigurationList section */
		C882E4242AFD8DCA00A563C3 /* Build configuration list for PBXProject "immersivio" */ = {
			isa = XCConfigurationList;
			buildConfigurations = (
				C882E43C2AFD8DCB00A563C3 /* Debug */,
				C882E43D2AFD8DCB00A563C3 /* Release */,
			);
			defaultConfigurationIsVisible = 0;
			defaultConfigurationName = Release;
		};
		C882E43E2AFD8DCB00A563C3 /* Build configuration list for PBXNativeTarget "immersivio" */ = {
			isa = XCConfigurationList;
			buildConfigurations = (
				C882E43F2AFD8DCB00A563C3 /* Debug */,
				C882E4402AFD8DCB00A563C3 /* Release */,
			);
			defaultConfigurationIsVisible = 0;
			defaultConfigurationName = Release;
		};
/* End XCConfigurationList section */

/* Begin XCSwiftPackageProductDependency section */
		C882E42E2AFD8DCA00A563C3 /* RealityKitContent */ = {
			isa = XCSwiftPackageProductDependency;
			productName = RealityKitContent;
		};
/* End XCSwiftPackageProductDependency section */
	};
	rootObject = C882E4212AFD8DCA00A563C3 /* Project object */;
}
